// !$*UTF8*$!
{
	archiveVersion = 1;
	classes = {
	};
	objectVersion = 46;
	objects = {

/* Begin PBXBuildFile section */
		5626B47A19EFB7B300B6026D /* AppDelegate.m in Sources */ = {isa = PBXBuildFile; fileRef = 5626B44B19EFB7B300B6026D /* AppDelegate.m */; };
		5626B47B19EFB7B300B6026D /* ViewController.m in Sources */ = {isa = PBXBuildFile; fileRef = 5626B44F19EFB7B300B6026D /* ViewController.m */; };
		5626B47C19EFB7B300B6026D /* CommentModel.m in Sources */ = {isa = PBXBuildFile; fileRef = 5626B45219EFB7B300B6026D /* CommentModel.m */; };
		5626B47D19EFB7B300B6026D /* MomentModel.m in Sources */ = {isa = PBXBuildFile; fileRef = 5626B45419EFB7B300B6026D /* MomentModel.m */; };
		5626B47E19EFB7B300B6026D /* CommentView.m in Sources */ = {isa = PBXBuildFile; fileRef = 5626B45719EFB7B300B6026D /* CommentView.m */; };
		5626B47F19EFB7B300B6026D /* MomentTableViewCell.m in Sources */ = {isa = PBXBuildFile; fileRef = 5626B45919EFB7B300B6026D /* MomentTableViewCell.m */; };
		5626B48019EFB7B300B6026D /* MomentTableViewCell.xib in Resources */ = {isa = PBXBuildFile; fileRef = 5626B45A19EFB7B300B6026D /* MomentTableViewCell.xib */; };
		5626B48119EFB7B300B6026D /* main.m in Sources */ = {isa = PBXBuildFile; fileRef = 5626B45C19EFB7B300B6026D /* main.m */; };
		5626B48219EFB7B300B6026D /* LaunchScreen.xib in Resources */ = {isa = PBXBuildFile; fileRef = 5626B45E19EFB7B300B6026D /* LaunchScreen.xib */; };
		5626B48319EFB7B300B6026D /* Main.storyboard in Resources */ = {isa = PBXBuildFile; fileRef = 5626B46019EFB7B300B6026D /* Main.storyboard */; };
		5626B48419EFB7B300B6026D /* AlbumTriangleB.png in Resources */ = {isa = PBXBuildFile; fileRef = 5626B46319EFB7B300B6026D /* AlbumTriangleB.png */; };
		5626B48519EFB7B300B6026D /* AlbumTriangleB@2x.png in Resources */ = {isa = PBXBuildFile; fileRef = 5626B46419EFB7B300B6026D /* AlbumTriangleB@2x.png */; };
		5626B48619EFB7B300B6026D /* people@2x.png in Resources */ = {isa = PBXBuildFile; fileRef = 5626B46519EFB7B300B6026D /* people@2x.png */; };
		5626B48719EFB7B300B6026D /* Images.xcassets in Resources */ = {isa = PBXBuildFile; fileRef = 5626B46619EFB7B300B6026D /* Images.xcassets */; };
		5626B48919EFB7B300B6026D /* NSString+Size.m in Sources */ = {isa = PBXBuildFile; fileRef = 5626B46A19EFB7B300B6026D /* NSString+Size.m */; };
		5626B48A19EFB7B300B6026D /* SDImageCache.m in Sources */ = {isa = PBXBuildFile; fileRef = 5626B46D19EFB7B300B6026D /* SDImageCache.m */; settings = {COMPILER_FLAGS = "-fno-objc-arc"; }; };
		5626B48B19EFB7B300B6026D /* SDWebImageDownloader.m in Sources */ = {isa = PBXBuildFile; fileRef = 5626B47119EFB7B300B6026D /* SDWebImageDownloader.m */; settings = {COMPILER_FLAGS = "-fno-objc-arc"; }; };
		5626B48C19EFB7B300B6026D /* SDWebImageManager.m in Sources */ = {isa = PBXBuildFile; fileRef = 5626B47419EFB7B300B6026D /* SDWebImageManager.m */; settings = {COMPILER_FLAGS = "-fno-objc-arc"; }; };
		5626B48D19EFB7B300B6026D /* UIImageView+WebCache.m in Sources */ = {isa = PBXBuildFile; fileRef = 5626B47719EFB7B300B6026D /* UIImageView+WebCache.m */; };
		5626B48E19EFB7B300B6026D /* UIViewExt.m in Sources */ = {isa = PBXBuildFile; fileRef = 5626B47919EFB7B300B6026D /* UIViewExt.m */; };
		5626B49019EFB84B00B6026D /* Info.plist in Resources */ = {isa = PBXBuildFile; fileRef = 5626B48F19EFB84B00B6026D /* Info.plist */; };
/* End PBXBuildFile section */

/* Begin PBXFileReference section */
		5626B44A19EFB7B300B6026D /* AppDelegate.h */ = {isa = PBXFileReference; fileEncoding = 4; lastKnownFileType = sourcecode.c.h; path = AppDelegate.h; sourceTree = "<group>"; };
		5626B44B19EFB7B300B6026D /* AppDelegate.m */ = {isa = PBXFileReference; fileEncoding = 4; lastKnownFileType = sourcecode.c.objc; path = AppDelegate.m; sourceTree = "<group>"; };
		5626B44E19EFB7B300B6026D /* ViewController.h */ = {isa = PBXFileReference; fileEncoding = 4; lastKnownFileType = sourcecode.c.h; path = ViewController.h; sourceTree = "<group>"; };
		5626B44F19EFB7B300B6026D /* ViewController.m */ = {isa = PBXFileReference; fileEncoding = 4; lastKnownFileType = sourcecode.c.objc; path = ViewController.m; sourceTree = "<group>"; };
		5626B45119EFB7B300B6026D /* CommentModel.h */ = {isa = PBXFileReference; fileEncoding = 4; lastKnownFileType = sourcecode.c.h; path = CommentModel.h; sourceTree = "<group>"; };
		5626B45219EFB7B300B6026D /* CommentModel.m */ = {isa = PBXFileReference; fileEncoding = 4; lastKnownFileType = sourcecode.c.objc; path = CommentModel.m; sourceTree = "<group>"; };
		5626B45319EFB7B300B6026D /* MomentModel.h */ = {isa = PBXFileReference; fileEncoding = 4; lastKnownFileType = sourcecode.c.h; path = MomentModel.h; sourceTree = "<group>"; };
		5626B45419EFB7B300B6026D /* MomentModel.m */ = {isa = PBXFileReference; fileEncoding = 4; lastKnownFileType = sourcecode.c.objc; path = MomentModel.m; sourceTree = "<group>"; };
		5626B45619EFB7B300B6026D /* CommentView.h */ = {isa = PBXFileReference; fileEncoding = 4; lastKnownFileType = sourcecode.c.h; path = CommentView.h; sourceTree = "<group>"; };
		5626B45719EFB7B300B6026D /* CommentView.m */ = {isa = PBXFileReference; fileEncoding = 4; lastKnownFileType = sourcecode.c.objc; path = CommentView.m; sourceTree = "<group>"; };
		5626B45819EFB7B300B6026D /* MomentTableViewCell.h */ = {isa = PBXFileReference; fileEncoding = 4; lastKnownFileType = sourcecode.c.h; path = MomentTableViewCell.h; sourceTree = "<group>"; };
		5626B45919EFB7B300B6026D /* MomentTableViewCell.m */ = {isa = PBXFileReference; fileEncoding = 4; lastKnownFileType = sourcecode.c.objc; path = MomentTableViewCell.m; sourceTree = "<group>"; };
		5626B45A19EFB7B300B6026D /* MomentTableViewCell.xib */ = {isa = PBXFileReference; fileEncoding = 4; lastKnownFileType = file.xib; path = MomentTableViewCell.xib; sourceTree = "<group>"; };
		5626B45C19EFB7B300B6026D /* main.m */ = {isa = PBXFileReference; fileEncoding = 4; lastKnownFileType = sourcecode.c.objc; path = main.m; sourceTree = "<group>"; };
		5626B45F19EFB7B300B6026D /* Base */ = {isa = PBXFileReference; lastKnownFileType = file.xib; name = Base; path = Base.lproj/LaunchScreen.xib; sourceTree = "<group>"; };
		5626B46119EFB7B300B6026D /* Base */ = {isa = PBXFileReference; lastKnownFileType = file.storyboard; name = Base; path = Base.lproj/Main.storyboard; sourceTree = "<group>"; };
		5626B46319EFB7B300B6026D /* AlbumTriangleB.png */ = {isa = PBXFileReference; lastKnownFileType = image.png; path = AlbumTriangleB.png; sourceTree = "<group>"; };
		5626B46419EFB7B300B6026D /* AlbumTriangleB@2x.png */ = {isa = PBXFileReference; lastKnownFileType = image.png; path = "AlbumTriangleB@2x.png"; sourceTree = "<group>"; };
		5626B46519EFB7B300B6026D /* people@2x.png */ = {isa = PBXFileReference; lastKnownFileType = image.png; path = "people@2x.png"; sourceTree = "<group>"; };
		5626B46619EFB7B300B6026D /* Images.xcassets */ = {isa = PBXFileReference; lastKnownFileType = folder.assetcatalog; path = Images.xcassets; sourceTree = "<group>"; };
		5626B46919EFB7B300B6026D /* NSString+Size.h */ = {isa = PBXFileReference; fileEncoding = 4; lastKnownFileType = sourcecode.c.h; path = "NSString+Size.h"; sourceTree = "<group>"; };
		5626B46A19EFB7B300B6026D /* NSString+Size.m */ = {isa = PBXFileReference; fileEncoding = 4; lastKnownFileType = sourcecode.c.objc; path = "NSString+Size.m"; sourceTree = "<group>"; };
		5626B46C19EFB7B300B6026D /* SDImageCache.h */ = {isa = PBXFileReference; fileEncoding = 4; lastKnownFileType = sourcecode.c.h; path = SDImageCache.h; sourceTree = "<group>"; };
		5626B46D19EFB7B300B6026D /* SDImageCache.m */ = {isa = PBXFileReference; fileEncoding = 4; lastKnownFileType = sourcecode.c.objc; path = SDImageCache.m; sourceTree = "<group>"; };
		5626B46E19EFB7B300B6026D /* SDImageCacheDelegate.h */ = {isa = PBXFileReference; fileEncoding = 4; lastKnownFileType = sourcecode.c.h; path = SDImageCacheDelegate.h; sourceTree = "<group>"; };
		5626B46F19EFB7B300B6026D /* SDWebImageCompat.h */ = {isa = PBXFileReference; fileEncoding = 4; lastKnownFileType = sourcecode.c.h; path = SDWebImageCompat.h; sourceTree = "<group>"; };
		5626B47019EFB7B300B6026D /* SDWebImageDownloader.h */ = {isa = PBXFileReference; fileEncoding = 4; lastKnownFileType = sourcecode.c.h; path = SDWebImageDownloader.h; sourceTree = "<group>"; };
		5626B47119EFB7B300B6026D /* SDWebImageDownloader.m */ = {isa = PBXFileReference; fileEncoding = 4; lastKnownFileType = sourcecode.c.objc; path = SDWebImageDownloader.m; sourceTree = "<group>"; };
		5626B47219EFB7B300B6026D /* SDWebImageDownloaderDelegate.h */ = {isa = PBXFileReference; fileEncoding = 4; lastKnownFileType = sourcecode.c.h; path = SDWebImageDownloaderDelegate.h; sourceTree = "<group>"; };
		5626B47319EFB7B300B6026D /* SDWebImageManager.h */ = {isa = PBXFileReference; fileEncoding = 4; lastKnownFileType = sourcecode.c.h; path = SDWebImageManager.h; sourceTree = "<group>"; };
		5626B47419EFB7B300B6026D /* SDWebImageManager.m */ = {isa = PBXFileReference; fileEncoding = 4; lastKnownFileType = sourcecode.c.objc; path = SDWebImageManager.m; sourceTree = "<group>"; };
		5626B47519EFB7B300B6026D /* SDWebImageManagerDelegate.h */ = {isa = PBXFileReference; fileEncoding = 4; lastKnownFileType = sourcecode.c.h; path = SDWebImageManagerDelegate.h; sourceTree = "<group>"; };
		5626B47619EFB7B300B6026D /* UIImageView+WebCache.h */ = {isa = PBXFileReference; fileEncoding = 4; lastKnownFileType = sourcecode.c.h; path = "UIImageView+WebCache.h"; sourceTree = "<group>"; };
		5626B47719EFB7B300B6026D /* UIImageView+WebCache.m */ = {isa = PBXFileReference; fileEncoding = 4; lastKnownFileType = sourcecode.c.objc; path = "UIImageView+WebCache.m"; sourceTree = "<group>"; };
		5626B47819EFB7B300B6026D /* UIViewExt.h */ = {isa = PBXFileReference; fileEncoding = 4; lastKnownFileType = sourcecode.c.h; path = UIViewExt.h; sourceTree = "<group>"; };
		5626B47919EFB7B300B6026D /* UIViewExt.m */ = {isa = PBXFileReference; fileEncoding = 4; lastKnownFileType = sourcecode.c.objc; path = UIViewExt.m; sourceTree = "<group>"; };
		5626B48F19EFB84B00B6026D /* Info.plist */ = {isa = PBXFileReference; fileEncoding = 4; lastKnownFileType = text.plist.xml; path = Info.plist; sourceTree = "<group>"; };
		56796A3619EFB12B00AA1DDF /* Moments.app */ = {isa = PBXFileReference; explicitFileType = wrapper.application; includeInIndex = 0; path = Moments.app; sourceTree = BUILT_PRODUCTS_DIR; };
/* End PBXFileReference section */

/* Begin PBXFrameworksBuildPhase section */
		56796A3319EFB12B00AA1DDF /* Frameworks */ = {
			isa = PBXFrameworksBuildPhase;
			buildActionMask = 2147483647;
			files = (
			);
			runOnlyForDeploymentPostprocessing = 0;
		};
/* End PBXFrameworksBuildPhase section */

/* Begin PBXGroup section */
		5626B44819EFB7B300B6026D /* Classes */ = {
			isa = PBXGroup;
			children = (
				5626B44919EFB7B300B6026D /* Application Support */,
				5626B44C19EFB7B300B6026D /* MomentsView */,
			);
			path = Classes;
			sourceTree = "<group>";
		};
		5626B44919EFB7B300B6026D /* Application Support */ = {
			isa = PBXGroup;
			children = (
				5626B44A19EFB7B300B6026D /* AppDelegate.h */,
				5626B44B19EFB7B300B6026D /* AppDelegate.m */,
			);
			path = "Application Support";
			sourceTree = "<group>";
		};
		5626B44C19EFB7B300B6026D /* MomentsView */ = {
			isa = PBXGroup;
			children = (
				5626B44D19EFB7B300B6026D /* C */,
				5626B45019EFB7B300B6026D /* M */,
				5626B45519EFB7B300B6026D /* V */,
			);
			path = MomentsView;
			sourceTree = "<group>";
		};
		5626B44D19EFB7B300B6026D /* C */ = {
			isa = PBXGroup;
			children = (
				5626B44E19EFB7B300B6026D /* ViewController.h */,
				5626B44F19EFB7B300B6026D /* ViewController.m */,
			);
			path = C;
			sourceTree = "<group>";
		};
		5626B45019EFB7B300B6026D /* M */ = {
			isa = PBXGroup;
			children = (
				5626B45119EFB7B300B6026D /* CommentModel.h */,
				5626B45219EFB7B300B6026D /* CommentModel.m */,
				5626B45319EFB7B300B6026D /* MomentModel.h */,
				5626B45419EFB7B300B6026D /* MomentModel.m */,
			);
			path = M;
			sourceTree = "<group>";
		};
		5626B45519EFB7B300B6026D /* V */ = {
			isa = PBXGroup;
			children = (
				5626B45619EFB7B300B6026D /* CommentView.h */,
				5626B45719EFB7B300B6026D /* CommentView.m */,
				5626B45819EFB7B300B6026D /* MomentTableViewCell.h */,
				5626B45919EFB7B300B6026D /* MomentTableViewCell.m */,
				5626B45A19EFB7B300B6026D /* MomentTableViewCell.xib */,
			);
			path = V;
			sourceTree = "<group>";
		};
		5626B45B19EFB7B300B6026D /* Other Sources */ = {
			isa = PBXGroup;
			children = (
				5626B45C19EFB7B300B6026D /* main.m */,
			);
			path = "Other Sources";
			sourceTree = "<group>";
		};
		5626B45D19EFB7B300B6026D /* Resources */ = {
			isa = PBXGroup;
			children = (
				5626B46219EFB7B300B6026D /* Images */,
				5626B45E19EFB7B300B6026D /* LaunchScreen.xib */,
				5626B46019EFB7B300B6026D /* Main.storyboard */,
				5626B46619EFB7B300B6026D /* Images.xcassets */,
				5626B48F19EFB84B00B6026D /* Info.plist */,
			);
			path = Resources;
			sourceTree = "<group>";
		};
		5626B46219EFB7B300B6026D /* Images */ = {
			isa = PBXGroup;
			children = (
				5626B46319EFB7B300B6026D /* AlbumTriangleB.png */,
				5626B46419EFB7B300B6026D /* AlbumTriangleB@2x.png */,
				5626B46519EFB7B300B6026D /* people@2x.png */,
			);
			path = Images;
			sourceTree = "<group>";
		};
		5626B46819EFB7B300B6026D /* Vondors */ = {
			isa = PBXGroup;
			children = (
				5626B46B19EFB7B300B6026D /* SDWebImage */,
				5626B46919EFB7B300B6026D /* NSString+Size.h */,
				5626B46A19EFB7B300B6026D /* NSString+Size.m */,
				5626B47819EFB7B300B6026D /* UIViewExt.h */,
				5626B47919EFB7B300B6026D /* UIViewExt.m */,
			);
			path = Vondors;
			sourceTree = "<group>";
		};
		5626B46B19EFB7B300B6026D /* SDWebImage */ = {
			isa = PBXGroup;
			children = (
				5626B46C19EFB7B300B6026D /* SDImageCache.h */,
				5626B46D19EFB7B300B6026D /* SDImageCache.m */,
				5626B46E19EFB7B300B6026D /* SDImageCacheDelegate.h */,
				5626B46F19EFB7B300B6026D /* SDWebImageCompat.h */,
				5626B47019EFB7B300B6026D /* SDWebImageDownloader.h */,
				5626B47119EFB7B300B6026D /* SDWebImageDownloader.m */,
				5626B47219EFB7B300B6026D /* SDWebImageDownloaderDelegate.h */,
				5626B47319EFB7B300B6026D /* SDWebImageManager.h */,
				5626B47419EFB7B300B6026D /* SDWebImageManager.m */,
				5626B47519EFB7B300B6026D /* SDWebImageManagerDelegate.h */,
				5626B47619EFB7B300B6026D /* UIImageView+WebCache.h */,
				5626B47719EFB7B300B6026D /* UIImageView+WebCache.m */,
			);
			path = SDWebImage;
			sourceTree = "<group>";
		};
		56796A2D19EFB12B00AA1DDF = {
			isa = PBXGroup;
			children = (
				56796A3819EFB12B00AA1DDF /* Moments */,
				56796A3719EFB12B00AA1DDF /* Products */,
			);
			sourceTree = "<group>";
		};
		56796A3719EFB12B00AA1DDF /* Products */ = {
			isa = PBXGroup;
			children = (
				56796A3619EFB12B00AA1DDF /* Moments.app */,
			);
			name = Products;
			sourceTree = "<group>";
		};
		56796A3819EFB12B00AA1DDF /* Moments */ = {
			isa = PBXGroup;
			children = (
				5626B44819EFB7B300B6026D /* Classes */,
				5626B45B19EFB7B300B6026D /* Other Sources */,
				5626B45D19EFB7B300B6026D /* Resources */,
				5626B46819EFB7B300B6026D /* Vondors */,
			);
			path = Moments;
			sourceTree = "<group>";
		};
/* End PBXGroup section */

/* Begin PBXNativeTarget section */
		56796A3519EFB12B00AA1DDF /* Moments */ = {
			isa = PBXNativeTarget;
			buildConfigurationList = 56796A5919EFB12B00AA1DDF /* Build configuration list for PBXNativeTarget "Moments" */;
			buildPhases = (
				56796A3219EFB12B00AA1DDF /* Sources */,
				56796A3319EFB12B00AA1DDF /* Frameworks */,
				56796A3419EFB12B00AA1DDF /* Resources */,
			);
			buildRules = (
			);
			dependencies = (
			);
			name = Moments;
			productName = Moments;
			productReference = 56796A3619EFB12B00AA1DDF /* Moments.app */;
			productType = "com.apple.product-type.application";
		};
/* End PBXNativeTarget section */

/* Begin PBXProject section */
		56796A2E19EFB12B00AA1DDF /* Project object */ = {
			isa = PBXProject;
			attributes = {
				LastUpgradeCheck = 0600;
				ORGANIZATIONNAME = chenxin;
				TargetAttributes = {
					56796A3519EFB12B00AA1DDF = {
						CreatedOnToolsVersion = 6.0.1;
					};
				};
			};
			buildConfigurationList = 56796A3119EFB12B00AA1DDF /* Build configuration list for PBXProject "Moments" */;
			compatibilityVersion = "Xcode 3.2";
			developmentRegion = English;
			hasScannedForEncodings = 0;
			knownRegions = (
				en,
				Base,
			);
			mainGroup = 56796A2D19EFB12B00AA1DDF;
			productRefGroup = 56796A3719EFB12B00AA1DDF /* Products */;
			projectDirPath = "";
			projectRoot = "";
			targets = (
				56796A3519EFB12B00AA1DDF /* Moments */,
			);
		};
/* End PBXProject section */

/* Begin PBXResourcesBuildPhase section */
		56796A3419EFB12B00AA1DDF /* Resources */ = {
			isa = PBXResourcesBuildPhase;
			buildActionMask = 2147483647;
			files = (
				5626B49019EFB84B00B6026D /* Info.plist in Resources */,
				5626B48319EFB7B300B6026D /* Main.storyboard in Resources */,
				5626B48219EFB7B300B6026D /* LaunchScreen.xib in Resources */,
				5626B48719EFB7B300B6026D /* Images.xcassets in Resources */,
				5626B48419EFB7B300B6026D /* AlbumTriangleB.png in Resources */,
				5626B48519EFB7B300B6026D /* AlbumTriangleB@2x.png in Resources */,
				5626B48019EFB7B300B6026D /* MomentTableViewCell.xib in Resources */,
				5626B48619EFB7B300B6026D /* people@2x.png in Resources */,
			);
			runOnlyForDeploymentPostprocessing = 0;
		};
/* End PBXResourcesBuildPhase section */

/* Begin PBXSourcesBuildPhase section */
		56796A3219EFB12B00AA1DDF /* Sources */ = {
			isa = PBXSourcesBuildPhase;
			buildActionMask = 2147483647;
			files = (
				5626B48919EFB7B300B6026D /* NSString+Size.m in Sources */,
				5626B48C19EFB7B300B6026D /* SDWebImageManager.m in Sources */,
				5626B48D19EFB7B300B6026D /* UIImageView+WebCache.m in Sources */,
				5626B48A19EFB7B300B6026D /* SDImageCache.m in Sources */,
				5626B47C19EFB7B300B6026D /* CommentModel.m in Sources */,
				5626B47D19EFB7B300B6026D /* MomentModel.m in Sources */,
				5626B48B19EFB7B300B6026D /* SDWebImageDownloader.m in Sources */,
				5626B47B19EFB7B300B6026D /* ViewController.m in Sources */,
				5626B47F19EFB7B300B6026D /* MomentTableViewCell.m in Sources */,
				5626B48E19EFB7B300B6026D /* UIViewExt.m in Sources */,
				5626B47A19EFB7B300B6026D /* AppDelegate.m in Sources */,
				5626B48119EFB7B300B6026D /* main.m in Sources */,
				5626B47E19EFB7B300B6026D /* CommentView.m in Sources */,
			);
			runOnlyForDeploymentPostprocessing = 0;
		};
/* End PBXSourcesBuildPhase section */

/* Begin PBXVariantGroup section */
		5626B45E19EFB7B300B6026D /* LaunchScreen.xib */ = {
			isa = PBXVariantGroup;
			children = (
				5626B45F19EFB7B300B6026D /* Base */,
			);
			name = LaunchScreen.xib;
			sourceTree = "<group>";
		};
		5626B46019EFB7B300B6026D /* Main.storyboard */ = {
			isa = PBXVariantGroup;
			children = (
				5626B46119EFB7B300B6026D /* Base */,
			);
			name = Main.storyboard;
			sourceTree = "<group>";
		};
/* End PBXVariantGroup section */

/* Begin XCBuildConfiguration section */
		56796A5719EFB12B00AA1DDF /* Debug */ = {
			isa = XCBuildConfiguration;
			buildSettings = {
				ALWAYS_SEARCH_USER_PATHS = NO;
				CLANG_CXX_LANGUAGE_STANDARD = "gnu++0x";
				CLANG_CXX_LIBRARY = "libc++";
				CLANG_ENABLE_MODULES = YES;
				CLANG_ENABLE_OBJC_ARC = YES;
				CLANG_WARN_BOOL_CONVERSION = YES;
				CLANG_WARN_CONSTANT_CONVERSION = YES;
				CLANG_WARN_DIRECT_OBJC_ISA_USAGE = YES_ERROR;
				CLANG_WARN_EMPTY_BODY = YES;
				CLANG_WARN_ENUM_CONVERSION = YES;
				CLANG_WARN_INT_CONVERSION = YES;
				CLANG_WARN_OBJC_ROOT_CLASS = YES_ERROR;
				CLANG_WARN_UNREACHABLE_CODE = YES;
				CLANG_WARN__DUPLICATE_METHOD_MATCH = YES;
				"CODE_SIGN_IDENTITY[sdk=iphoneos*]" = "iPhone Developer";
				COPY_PHASE_STRIP = NO;
				ENABLE_STRICT_OBJC_MSGSEND = YES;
				GCC_C_LANGUAGE_STANDARD = gnu99;
				GCC_DYNAMIC_NO_PIC = NO;
				GCC_OPTIMIZATION_LEVEL = 0;
				GCC_PREPROCESSOR_DEFINITIONS = (
					"DEBUG=1",
					"$(inherited)",
				);
				GCC_SYMBOLS_PRIVATE_EXTERN = NO;
				GCC_WARN_64_TO_32_BIT_CONVERSION = YES;
				GCC_WARN_ABOUT_RETURN_TYPE = YES_ERROR;
				GCC_WARN_UNDECLARED_SELECTOR = YES;
				GCC_WARN_UNINITIALIZED_AUTOS = YES_AGGRESSIVE;
				GCC_WARN_UNUSED_FUNCTION = YES;
				GCC_WARN_UNUSED_VARIABLE = YES;
				IPHONEOS_DEPLOYMENT_TARGET = 8.0;
				MTL_ENABLE_DEBUG_INFO = YES;
				ONLY_ACTIVE_ARCH = YES;
				SDKROOT = iphoneos;
				TARGETED_DEVICE_FAMILY = "1,2";
			};
			name = Debug;
		};
		56796A5819EFB12B00AA1DDF /* Release */ = {
			isa = XCBuildConfiguration;
			buildSettings = {
				ALWAYS_SEARCH_USER_PATHS = NO;
				CLANG_CXX_LANGUAGE_STANDARD = "gnu++0x";
				CLANG_CXX_LIBRARY = "libc++";
				CLANG_ENABLE_MODULES = YES;
				CLANG_ENABLE_OBJC_ARC = YES;
				CLANG_WARN_BOOL_CONVERSION = YES;
				CLANG_WARN_CONSTANT_CONVERSION = YES;
				CLANG_WARN_DIRECT_OBJC_ISA_USAGE = YES_ERROR;
				CLANG_WARN_EMPTY_BODY = YES;
				CLANG_WARN_ENUM_CONVERSION = YES;
				CLANG_WARN_INT_CONVERSION = YES;
				CLANG_WARN_OBJC_ROOT_CLASS = YES_ERROR;
				CLANG_WARN_UNREACHABLE_CODE = YES;
				CLANG_WARN__DUPLICATE_METHOD_MATCH = YES;
				"CODE_SIGN_IDENTITY[sdk=iphoneos*]" = "iPhone Developer";
				COPY_PHASE_STRIP = YES;
				ENABLE_NS_ASSERTIONS = NO;
				ENABLE_STRICT_OBJC_MSGSEND = YES;
				GCC_C_LANGUAGE_STANDARD = gnu99;
				GCC_WARN_64_TO_32_BIT_CONVERSION = YES;
				GCC_WARN_ABOUT_RETURN_TYPE = YES_ERROR;
				GCC_WARN_UNDECLARED_SELECTOR = YES;
				GCC_WARN_UNINITIALIZED_AUTOS = YES_AGGRESSIVE;
				GCC_WARN_UNUSED_FUNCTION = YES;
				GCC_WARN_UNUSED_VARIABLE = YES;
				IPHONEOS_DEPLOYMENT_TARGET = 8.0;
				MTL_ENABLE_DEBUG_INFO = NO;
				SDKROOT = iphoneos;
				TARGETED_DEVICE_FAMILY = "1,2";
				VALIDATE_PRODUCT = YES;
			};
			name = Release;
		};
		56796A5A19EFB12B00AA1DDF /* Debug */ = {
			isa = XCBuildConfiguration;
			buildSettings = {
				ASSETCATALOG_COMPILER_APPICON_NAME = AppIcon;
				INFOPLIST_FILE = Moments/Info.plist;
				LD_RUNPATH_SEARCH_PATHS = "$(inherited) @executable_path/Frameworks";
				PRODUCT_NAME = "$(TARGET_NAME)";
			};
			name = Debug;
		};
		56796A5B19EFB12B00AA1DDF /* Release */ = {
			isa = XCBuildConfiguration;
			buildSettings = {
				ASSETCATALOG_COMPILER_APPICON_NAME = AppIcon;
				INFOPLIST_FILE = Moments/Info.plist;
				LD_RUNPATH_SEARCH_PATHS = "$(inherited) @executable_path/Frameworks";
				PRODUCT_NAME = "$(TARGET_NAME)";
			};
			name = Release;
		};
/* End XCBuildConfiguration section */

/* Begin XCConfigurationList section */
		56796A3119EFB12B00AA1DDF /* Build configuration list for PBXProject "Moments" */ = {
			isa = XCConfigurationList;
			buildConfigurations = (
				56796A5719EFB12B00AA1DDF /* Debug */,
				56796A5819EFB12B00AA1DDF /* Release */,
			);
			defaultConfigurationIsVisible = 0;
			defaultConfigurationName = Release;
		};
		56796A5919EFB12B00AA1DDF /* Build configuration list for PBXNativeTarget "Moments" */ = {
			isa = XCConfigurationList;
			buildConfigurations = (
				56796A5A19EFB12B00AA1DDF /* Debug */,
				56796A5B19EFB12B00AA1DDF /* Release */,
			);
			defaultConfigurationIsVisible = 0;
			defaultConfigurationName = Release;
		};
/* End XCConfigurationList section */
	};
	rootObject = 56796A2E19EFB12B00AA1DDF /* Project object */;
}
